
Microsoft Visual Studio Solution File, Format Version 12.00
# Visual Studio Version 17
VisualStudioVersion = 17.11.35219.272
MinimumVisualStudioVersion = 10.0.40219.1
Project("{FAE04EC0-301F-11D3-BF4B-00C04F79EFBC}") = "loopar 7", "loopar 7\loopar 7.csproj", "{C82C7407-45A0-47F5-83EE-F50DAF4DAAE5}"
EndProject
Global
	GlobalSection(SolutionConfigurationPlatforms) = preSolution
		Debug|Any CPU = Debug|Any CPU
		Release|Any CPU = Release|Any CPU
	EndGlobalSection
	GlobalSection(ProjectConfigurationPlatforms) = postSolution
		{C82C7407-45A0-47F5-83EE-F50DAF4DAAE5}.Debug|Any CPU.ActiveCfg = Debug|Any CPU
		{C82C7407-45A0-47F5-83EE-F50DAF4DAAE5}.Debug|Any CPU.Build.0 = Debug|Any CPU
		{C82C7407-45A0-47F5-83EE-F50DAF4DAAE5}.Release|Any CPU.ActiveCfg = Release|Any CPU
		{C82C7407-45A0-47F5-83EE-F50DAF4DAAE5}.Release|Any CPU.Build.0 = Release|Any CPU
	EndGlobalSection
	GlobalSection(SolutionProperties) = preSolution
		HideSolutionNode = FALSE
	EndGlobalSection
	GlobalSection(ExtensibilityGlobals) = postSolution
		SolutionGuid = {97251788-7C80-42F6-ABB0-F32BC407C911}
	EndGlobalSection
EndGlobal
